// !$*UTF8*$!
{
	archiveVersion = 1;
	classes = {
	};
	objectVersion = 46;
	objects = {

/* Begin PBXBuildFile section */
		B23785094D746D5933748E3E /* Pods_TwitterClientTests.framework in Frameworks */ = {isa = PBXBuildFile; fileRef = 0112AC092049F168AC02A7C5 /* Pods_TwitterClientTests.framework */; };
		D871F1B51C5921C200FD496F /* TweetProducer.swift in Sources */ = {isa = PBXBuildFile; fileRef = D871F1B41C5921C200FD496F /* TweetProducer.swift */; };
		D871F1B71C59289100FD496F /* Log+Extensions.swift in Sources */ = {isa = PBXBuildFile; fileRef = D871F1B61C59289100FD496F /* Log+Extensions.swift */; };
		D871F1B91C5933B000FD496F /* ComposeTweetViewController.swift in Sources */ = {isa = PBXBuildFile; fileRef = D871F1B81C5933B000FD496F /* ComposeTweetViewController.swift */; };
		D871F1BC1C5956BD00FD496F /* UserTests.swift in Sources */ = {isa = PBXBuildFile; fileRef = D871F1BB1C5956BD00FD496F /* UserTests.swift */; };
		D885A4B51C583364008024F3 /* TweetTableViewCell.swift in Sources */ = {isa = PBXBuildFile; fileRef = D885A4B41C583364008024F3 /* TweetTableViewCell.swift */; };
		D88A8B981C5963F900C04CC0 /* TweetTests.swift in Sources */ = {isa = PBXBuildFile; fileRef = D88A8B971C5963F900C04CC0 /* TweetTests.swift */; };
		D8CCD02C1C57E31F00D32C92 /* AppDelegate.swift in Sources */ = {isa = PBXBuildFile; fileRef = D8CCD02B1C57E31F00D32C92 /* AppDelegate.swift */; };
		D8CCD0311C57E31F00D32C92 /* Main.storyboard in Resources */ = {isa = PBXBuildFile; fileRef = D8CCD02F1C57E31F00D32C92 /* Main.storyboard */; };
		D8CCD0331C57E31F00D32C92 /* Assets.xcassets in Resources */ = {isa = PBXBuildFile; fileRef = D8CCD0321C57E31F00D32C92 /* Assets.xcassets */; };
		D8CCD0361C57E31F00D32C92 /* LaunchScreen.storyboard in Resources */ = {isa = PBXBuildFile; fileRef = D8CCD0341C57E31F00D32C92 /* LaunchScreen.storyboard */; };
		D8CCD04C1C57E31F00D32C92 /* TwitterClientUITests.swift in Sources */ = {isa = PBXBuildFile; fileRef = D8CCD04B1C57E31F00D32C92 /* TwitterClientUITests.swift */; };
		D8CCD05E1C57EDCC00D32C92 /* SplashViewController.swift in Sources */ = {isa = PBXBuildFile; fileRef = D8CCD05D1C57EDCC00D32C92 /* SplashViewController.swift */; };
		D8CCD0621C57EE0400D32C92 /* User.swift in Sources */ = {isa = PBXBuildFile; fileRef = D8CCD0611C57EE0400D32C92 /* User.swift */; };
		D8CCD0641C57EE2D00D32C92 /* PersistenceController.swift in Sources */ = {isa = PBXBuildFile; fileRef = D8CCD0631C57EE2D00D32C92 /* PersistenceController.swift */; };
		D8CCD0671C57EE5500D32C92 /* ModelService.swift in Sources */ = {isa = PBXBuildFile; fileRef = D8CCD0661C57EE5500D32C92 /* ModelService.swift */; };
		D8CCD0691C57EE6100D32C92 /* UserModelService.swift in Sources */ = {isa = PBXBuildFile; fileRef = D8CCD0681C57EE6100D32C92 /* UserModelService.swift */; };
		D8CCD06C1C57EEA300D32C92 /* TwitterNetworkService.swift in Sources */ = {isa = PBXBuildFile; fileRef = D8CCD06B1C57EEA300D32C92 /* TwitterNetworkService.swift */; };
		D8CCD06E1C57F62200D32C92 /* LoginViewController.swift in Sources */ = {isa = PBXBuildFile; fileRef = D8CCD06D1C57F62200D32C92 /* LoginViewController.swift */; };
		D8CCD0701C581AC700D32C92 /* Tweet.swift in Sources */ = {isa = PBXBuildFile; fileRef = D8CCD06F1C581AC700D32C92 /* Tweet.swift */; };
		D8CCD0731C581C5800D32C92 /* DateFormats.swift in Sources */ = {isa = PBXBuildFile; fileRef = D8CCD0721C581C5800D32C92 /* DateFormats.swift */; };
		D8CCD0761C581CEE00D32C92 /* NSDateFormatter+Extensions.swift in Sources */ = {isa = PBXBuildFile; fileRef = D8CCD0751C581CEE00D32C92 /* NSDateFormatter+Extensions.swift */; };
		D8E10A0C1C581F2E00443924 /* String+Extensions.swift in Sources */ = {isa = PBXBuildFile; fileRef = D8E10A0B1C581F2E00443924 /* String+Extensions.swift */; };
		D8E10A0E1C581F3900443924 /* NSDate+Extensions.swift in Sources */ = {isa = PBXBuildFile; fileRef = D8E10A0D1C581F3900443924 /* NSDate+Extensions.swift */; };
		D8E10A101C5829BB00443924 /* TweetModelService.swift in Sources */ = {isa = PBXBuildFile; fileRef = D8E10A0F1C5829BB00443924 /* TweetModelService.swift */; };
		D8E10A121C582C0A00443924 /* TweetsViewController.swift in Sources */ = {isa = PBXBuildFile; fileRef = D8E10A111C582C0A00443924 /* TweetsViewController.swift */; };
		E577C84460620C9E3DE307C6 /* Pods_TwitterClient.framework in Frameworks */ = {isa = PBXBuildFile; fileRef = 33CE42328C7F032A32120FE1 /* Pods_TwitterClient.framework */; };
/* End PBXBuildFile section */

/* Begin PBXContainerItemProxy section */
		D8CCD03D1C57E31F00D32C92 /* PBXContainerItemProxy */ = {
			isa = PBXContainerItemProxy;
			containerPortal = D8CCD0201C57E31F00D32C92 /* Project object */;
			proxyType = 1;
			remoteGlobalIDString = D8CCD0271C57E31F00D32C92;
			remoteInfo = TwitterClient;
		};
		D8CCD0481C57E31F00D32C92 /* PBXContainerItemProxy */ = {
			isa = PBXContainerItemProxy;
			containerPortal = D8CCD0201C57E31F00D32C92 /* Project object */;
			proxyType = 1;
			remoteGlobalIDString = D8CCD0271C57E31F00D32C92;
			remoteInfo = TwitterClient;
		};
/* End PBXContainerItemProxy section */

/* Begin PBXFileReference section */
		0112AC092049F168AC02A7C5 /* Pods_TwitterClientTests.framework */ = {isa = PBXFileReference; explicitFileType = wrapper.framework; includeInIndex = 0; path = Pods_TwitterClientTests.framework; sourceTree = BUILT_PRODUCTS_DIR; };
		0663CE9837D7BC063F7617D7 /* Pods-TwitterClient.release.xcconfig */ = {isa = PBXFileReference; includeInIndex = 1; lastKnownFileType = text.xcconfig; name = "Pods-TwitterClient.release.xcconfig"; path = "Pods/Target Support Files/Pods-TwitterClient/Pods-TwitterClient.release.xcconfig"; sourceTree = "<group>"; };
		33CE42328C7F032A32120FE1 /* Pods_TwitterClient.framework */ = {isa = PBXFileReference; explicitFileType = wrapper.framework; includeInIndex = 0; path = Pods_TwitterClient.framework; sourceTree = BUILT_PRODUCTS_DIR; };
		8D14EEBFA437FAD4B96AE5A6 /* Pods-TwitterClientTests.release.xcconfig */ = {isa = PBXFileReference; includeInIndex = 1; lastKnownFileType = text.xcconfig; name = "Pods-TwitterClientTests.release.xcconfig"; path = "Pods/Target Support Files/Pods-TwitterClientTests/Pods-TwitterClientTests.release.xcconfig"; sourceTree = "<group>"; };
		B259266DE0790E51C9759F5B /* Pods-TwitterClient.debug.xcconfig */ = {isa = PBXFileReference; includeInIndex = 1; lastKnownFileType = text.xcconfig; name = "Pods-TwitterClient.debug.xcconfig"; path = "Pods/Target Support Files/Pods-TwitterClient/Pods-TwitterClient.debug.xcconfig"; sourceTree = "<group>"; };
		D871F1B41C5921C200FD496F /* TweetProducer.swift */ = {isa = PBXFileReference; fileEncoding = 4; lastKnownFileType = sourcecode.swift; path = TweetProducer.swift; sourceTree = "<group>"; };
		D871F1B61C59289100FD496F /* Log+Extensions.swift */ = {isa = PBXFileReference; fileEncoding = 4; lastKnownFileType = sourcecode.swift; path = "Log+Extensions.swift"; sourceTree = "<group>"; };
		D871F1B81C5933B000FD496F /* ComposeTweetViewController.swift */ = {isa = PBXFileReference; fileEncoding = 4; lastKnownFileType = sourcecode.swift; path = ComposeTweetViewController.swift; sourceTree = "<group>"; };
		D871F1BB1C5956BD00FD496F /* UserTests.swift */ = {isa = PBXFileReference; fileEncoding = 4; lastKnownFileType = sourcecode.swift; path = UserTests.swift; sourceTree = "<group>"; };
		D885A4B41C583364008024F3 /* TweetTableViewCell.swift */ = {isa = PBXFileReference; fileEncoding = 4; lastKnownFileType = sourcecode.swift; path = TweetTableViewCell.swift; sourceTree = "<group>"; };
		D88A8B971C5963F900C04CC0 /* TweetTests.swift */ = {isa = PBXFileReference; fileEncoding = 4; lastKnownFileType = sourcecode.swift; path = TweetTests.swift; sourceTree = "<group>"; };
		D8CCD0281C57E31F00D32C92 /* TwitterClient.app */ = {isa = PBXFileReference; explicitFileType = wrapper.application; includeInIndex = 0; path = TwitterClient.app; sourceTree = BUILT_PRODUCTS_DIR; };
		D8CCD02B1C57E31F00D32C92 /* AppDelegate.swift */ = {isa = PBXFileReference; lastKnownFileType = sourcecode.swift; path = AppDelegate.swift; sourceTree = "<group>"; };
		D8CCD0301C57E31F00D32C92 /* Base */ = {isa = PBXFileReference; lastKnownFileType = file.storyboard; name = Base; path = Base.lproj/Main.storyboard; sourceTree = "<group>"; };
		D8CCD0321C57E31F00D32C92 /* Assets.xcassets */ = {isa = PBXFileReference; lastKnownFileType = folder.assetcatalog; path = Assets.xcassets; sourceTree = "<group>"; };
		D8CCD0351C57E31F00D32C92 /* Base */ = {isa = PBXFileReference; lastKnownFileType = file.storyboard; name = Base; path = Base.lproj/LaunchScreen.storyboard; sourceTree = "<group>"; };
		D8CCD0371C57E31F00D32C92 /* Info.plist */ = {isa = PBXFileReference; lastKnownFileType = text.plist.xml; path = Info.plist; sourceTree = "<group>"; };
		D8CCD03C1C57E31F00D32C92 /* TwitterClientTests.xctest */ = {isa = PBXFileReference; explicitFileType = wrapper.cfbundle; includeInIndex = 0; path = TwitterClientTests.xctest; sourceTree = BUILT_PRODUCTS_DIR; };
		D8CCD0421C57E31F00D32C92 /* Info.plist */ = {isa = PBXFileReference; lastKnownFileType = text.plist.xml; path = Info.plist; sourceTree = "<group>"; };
		D8CCD0471C57E31F00D32C92 /* TwitterClientUITests.xctest */ = {isa = PBXFileReference; explicitFileType = wrapper.cfbundle; includeInIndex = 0; path = TwitterClientUITests.xctest; sourceTree = BUILT_PRODUCTS_DIR; };
		D8CCD04B1C57E31F00D32C92 /* TwitterClientUITests.swift */ = {isa = PBXFileReference; lastKnownFileType = sourcecode.swift; path = TwitterClientUITests.swift; sourceTree = "<group>"; };
		D8CCD04D1C57E31F00D32C92 /* Info.plist */ = {isa = PBXFileReference; lastKnownFileType = text.plist.xml; path = Info.plist; sourceTree = "<group>"; };
		D8CCD05D1C57EDCC00D32C92 /* SplashViewController.swift */ = {isa = PBXFileReference; fileEncoding = 4; lastKnownFileType = sourcecode.swift; path = SplashViewController.swift; sourceTree = "<group>"; };
		D8CCD0611C57EE0400D32C92 /* User.swift */ = {isa = PBXFileReference; fileEncoding = 4; lastKnownFileType = sourcecode.swift; path = User.swift; sourceTree = "<group>"; };
		D8CCD0631C57EE2D00D32C92 /* PersistenceController.swift */ = {isa = PBXFileReference; fileEncoding = 4; lastKnownFileType = sourcecode.swift; path = PersistenceController.swift; sourceTree = "<group>"; };
		D8CCD0661C57EE5500D32C92 /* ModelService.swift */ = {isa = PBXFileReference; fileEncoding = 4; lastKnownFileType = sourcecode.swift; path = ModelService.swift; sourceTree = "<group>"; };
		D8CCD0681C57EE6100D32C92 /* UserModelService.swift */ = {isa = PBXFileReference; fileEncoding = 4; lastKnownFileType = sourcecode.swift; path = UserModelService.swift; sourceTree = "<group>"; };
		D8CCD06B1C57EEA300D32C92 /* TwitterNetworkService.swift */ = {isa = PBXFileReference; fileEncoding = 4; lastKnownFileType = sourcecode.swift; path = TwitterNetworkService.swift; sourceTree = "<group>"; };
		D8CCD06D1C57F62200D32C92 /* LoginViewController.swift */ = {isa = PBXFileReference; fileEncoding = 4; lastKnownFileType = sourcecode.swift; path = LoginViewController.swift; sourceTree = "<group>"; };
		D8CCD06F1C581AC700D32C92 /* Tweet.swift */ = {isa = PBXFileReference; fileEncoding = 4; lastKnownFileType = sourcecode.swift; path = Tweet.swift; sourceTree = "<group>"; };
		D8CCD0721C581C5800D32C92 /* DateFormats.swift */ = {isa = PBXFileReference; fileEncoding = 4; lastKnownFileType = sourcecode.swift; path = DateFormats.swift; sourceTree = "<group>"; };
		D8CCD0751C581CEE00D32C92 /* NSDateFormatter+Extensions.swift */ = {isa = PBXFileReference; fileEncoding = 4; lastKnownFileType = sourcecode.swift; path = "NSDateFormatter+Extensions.swift"; sourceTree = "<group>"; };
		D8E10A0B1C581F2E00443924 /* String+Extensions.swift */ = {isa = PBXFileReference; fileEncoding = 4; lastKnownFileType = sourcecode.swift; path = "String+Extensions.swift"; sourceTree = "<group>"; };
		D8E10A0D1C581F3900443924 /* NSDate+Extensions.swift */ = {isa = PBXFileReference; fileEncoding = 4; lastKnownFileType = sourcecode.swift; path = "NSDate+Extensions.swift"; sourceTree = "<group>"; };
		D8E10A0F1C5829BB00443924 /* TweetModelService.swift */ = {isa = PBXFileReference; fileEncoding = 4; lastKnownFileType = sourcecode.swift; path = TweetModelService.swift; sourceTree = "<group>"; };
		D8E10A111C582C0A00443924 /* TweetsViewController.swift */ = {isa = PBXFileReference; fileEncoding = 4; lastKnownFileType = sourcecode.swift; path = TweetsViewController.swift; sourceTree = "<group>"; };
		F1CB627D113D77587C84ADE1 /* Pods-TwitterClientTests.debug.xcconfig */ = {isa = PBXFileReference; includeInIndex = 1; lastKnownFileType = text.xcconfig; name = "Pods-TwitterClientTests.debug.xcconfig"; path = "Pods/Target Support Files/Pods-TwitterClientTests/Pods-TwitterClientTests.debug.xcconfig"; sourceTree = "<group>"; };
/* End PBXFileReference section */

/* Begin PBXFrameworksBuildPhase section */
		D8CCD0251C57E31F00D32C92 /* Frameworks */ = {
			isa = PBXFrameworksBuildPhase;
			buildActionMask = 2147483647;
			files = (
				E577C84460620C9E3DE307C6 /* Pods_TwitterClient.framework in Frameworks */,
			);
			runOnlyForDeploymentPostprocessing = 0;
		};
		D8CCD0391C57E31F00D32C92 /* Frameworks */ = {
			isa = PBXFrameworksBuildPhase;
			buildActionMask = 2147483647;
			files = (
				B23785094D746D5933748E3E /* Pods_TwitterClientTests.framework in Frameworks */,
			);
			runOnlyForDeploymentPostprocessing = 0;
		};
		D8CCD0441C57E31F00D32C92 /* Frameworks */ = {
			isa = PBXFrameworksBuildPhase;
			buildActionMask = 2147483647;
			files = (
			);
			runOnlyForDeploymentPostprocessing = 0;
		};
/* End PBXFrameworksBuildPhase section */

/* Begin PBXGroup section */
		23C8C5F95B80031DA814923C /* Pods */ = {
			isa = PBXGroup;
			children = (
				B259266DE0790E51C9759F5B /* Pods-TwitterClient.debug.xcconfig */,
				0663CE9837D7BC063F7617D7 /* Pods-TwitterClient.release.xcconfig */,
				F1CB627D113D77587C84ADE1 /* Pods-TwitterClientTests.debug.xcconfig */,
				8D14EEBFA437FAD4B96AE5A6 /* Pods-TwitterClientTests.release.xcconfig */,
			);
			name = Pods;
			sourceTree = "<group>";
		};
		D871F1BA1C59562D00FD496F /* Entity Tests */ = {
			isa = PBXGroup;
			children = (
				D88A8B971C5963F900C04CC0 /* TweetTests.swift */,
				D871F1BB1C5956BD00FD496F /* UserTests.swift */,
			);
			name = "Entity Tests";
			sourceTree = "<group>";
		};
		D885A4B31C58334B008024F3 /* Tweets View Controller */ = {
			isa = PBXGroup;
			children = (
				D8E10A111C582C0A00443924 /* TweetsViewController.swift */,
				D885A4B41C583364008024F3 /* TweetTableViewCell.swift */,
			);
			name = "Tweets View Controller";
			sourceTree = "<group>";
		};
		D8CCD01F1C57E31F00D32C92 = {
			isa = PBXGroup;
			children = (
				D8CCD02A1C57E31F00D32C92 /* TwitterClient */,
				D8CCD03F1C57E31F00D32C92 /* TwitterClientTests */,
				D8CCD04A1C57E31F00D32C92 /* TwitterClientUITests */,
				D8CCD0291C57E31F00D32C92 /* Products */,
				23C8C5F95B80031DA814923C /* Pods */,
				ED83BBDA3FDAB3601E4BDE1C /* Frameworks */,
			);
			sourceTree = "<group>";
		};
		D8CCD0291C57E31F00D32C92 /* Products */ = {
			isa = PBXGroup;
			children = (
				D8CCD0281C57E31F00D32C92 /* TwitterClient.app */,
				D8CCD03C1C57E31F00D32C92 /* TwitterClientTests.xctest */,
				D8CCD0471C57E31F00D32C92 /* TwitterClientUITests.xctest */,
			);
			name = Products;
			sourceTree = "<group>";
		};
		D8CCD02A1C57E31F00D32C92 /* TwitterClient */ = {
			isa = PBXGroup;
			children = (
				D8CCD05A1C57E70D00D32C92 /* Resources */,
				D8CCD05B1C57E71A00D32C92 /* Source */,
				D8CCD0591C57E70300D32C92 /* Supporting Files */,
			);
			path = TwitterClient;
			sourceTree = "<group>";
		};
		D8CCD03F1C57E31F00D32C92 /* TwitterClientTests */ = {
			isa = PBXGroup;
			children = (
				D871F1BA1C59562D00FD496F /* Entity Tests */,
				D8CCD0421C57E31F00D32C92 /* Info.plist */,
			);
			path = TwitterClientTests;
			sourceTree = "<group>";
		};
		D8CCD04A1C57E31F00D32C92 /* TwitterClientUITests */ = {
			isa = PBXGroup;
			children = (
				D8CCD04B1C57E31F00D32C92 /* TwitterClientUITests.swift */,
				D8CCD04D1C57E31F00D32C92 /* Info.plist */,
			);
			path = TwitterClientUITests;
			sourceTree = "<group>";
		};
		D8CCD0591C57E70300D32C92 /* Supporting Files */ = {
			isa = PBXGroup;
			children = (
				D8CCD0371C57E31F00D32C92 /* Info.plist */,
			);
			name = "Supporting Files";
			sourceTree = "<group>";
		};
		D8CCD05A1C57E70D00D32C92 /* Resources */ = {
			isa = PBXGroup;
			children = (
				D8CCD0321C57E31F00D32C92 /* Assets.xcassets */,
				D8CCD0341C57E31F00D32C92 /* LaunchScreen.storyboard */,
				D8CCD02F1C57E31F00D32C92 /* Main.storyboard */,
			);
			name = Resources;
			sourceTree = "<group>";
		};
		D8CCD05B1C57E71A00D32C92 /* Source */ = {
			isa = PBXGroup;
			children = (
				D8CCD02B1C57E31F00D32C92 /* AppDelegate.swift */,
				D8CCD0741C581CDE00D32C92 /* Extensions */,
				D8CCD05F1C57EDDC00D32C92 /* Model */,
				D8CCD06A1C57EE8A00D32C92 /* Networking */,
				D8CCD0711C581C4B00D32C92 /* Utilities */,
				D8CCD05C1C57E72300D32C92 /* View Controllers */,
			);
			name = Source;
			sourceTree = "<group>";
		};
		D8CCD05C1C57E72300D32C92 /* View Controllers */ = {
			isa = PBXGroup;
			children = (
				D871F1B81C5933B000FD496F /* ComposeTweetViewController.swift */,
				D8CCD06D1C57F62200D32C92 /* LoginViewController.swift */,
				D8CCD05D1C57EDCC00D32C92 /* SplashViewController.swift */,
				D885A4B31C58334B008024F3 /* Tweets View Controller */,
			);
			name = "View Controllers";
			sourceTree = "<group>";
		};
		D8CCD05F1C57EDDC00D32C92 /* Model */ = {
			isa = PBXGroup;
			children = (
				D8CCD0601C57EDE900D32C92 /* Entities */,
				D8CCD0631C57EE2D00D32C92 /* PersistenceController.swift */,
				D8CCD0651C57EE3E00D32C92 /* Services */,
			);
			name = Model;
			sourceTree = "<group>";
		};
		D8CCD0601C57EDE900D32C92 /* Entities */ = {
			isa = PBXGroup;
			children = (
				D8CCD06F1C581AC700D32C92 /* Tweet.swift */,
				D8CCD0611C57EE0400D32C92 /* User.swift */,
			);
			name = Entities;
			sourceTree = "<group>";
		};
		D8CCD0651C57EE3E00D32C92 /* Services */ = {
			isa = PBXGroup;
			children = (
				D8CCD0661C57EE5500D32C92 /* ModelService.swift */,
				D8E10A0F1C5829BB00443924 /* TweetModelService.swift */,
				D8CCD0681C57EE6100D32C92 /* UserModelService.swift */,
			);
			name = Services;
			sourceTree = "<group>";
		};
		D8CCD06A1C57EE8A00D32C92 /* Networking */ = {
			isa = PBXGroup;
			children = (
				D8CCD06B1C57EEA300D32C92 /* TwitterNetworkService.swift */,
			);
			name = Networking;
			sourceTree = "<group>";
		};
		D8CCD0711C581C4B00D32C92 /* Utilities */ = {
			isa = PBXGroup;
			children = (
				D8CCD0721C581C5800D32C92 /* DateFormats.swift */,
				D871F1B41C5921C200FD496F /* TweetProducer.swift */,
			);
			name = Utilities;
			sourceTree = "<group>";
		};
		D8CCD0741C581CDE00D32C92 /* Extensions */ = {
			isa = PBXGroup;
			children = (
				D871F1B61C59289100FD496F /* Log+Extensions.swift */,
				D8E10A0D1C581F3900443924 /* NSDate+Extensions.swift */,
				D8CCD0751C581CEE00D32C92 /* NSDateFormatter+Extensions.swift */,
				D8E10A0B1C581F2E00443924 /* String+Extensions.swift */,
			);
			name = Extensions;
			sourceTree = "<group>";
		};
		ED83BBDA3FDAB3601E4BDE1C /* Frameworks */ = {
			isa = PBXGroup;
			children = (
				33CE42328C7F032A32120FE1 /* Pods_TwitterClient.framework */,
				0112AC092049F168AC02A7C5 /* Pods_TwitterClientTests.framework */,
			);
			name = Frameworks;
			sourceTree = "<group>";
		};
/* End PBXGroup section */

/* Begin PBXNativeTarget section */
		D8CCD0271C57E31F00D32C92 /* TwitterClient */ = {
			isa = PBXNativeTarget;
			buildConfigurationList = D8CCD0501C57E31F00D32C92 /* Build configuration list for PBXNativeTarget "TwitterClient" */;
			buildPhases = (
				1547CAB553A1E25CCE91E3C6 /* Check Pods Manifest.lock */,
				D8CCD0241C57E31F00D32C92 /* Sources */,
				D8CCD0251C57E31F00D32C92 /* Frameworks */,
				D8CCD0261C57E31F00D32C92 /* Resources */,
				69D5FD70309F322864FC7D6C /* Embed Pods Frameworks */,
				39669F8C4E27E88375759E30 /* Copy Pods Resources */,
			);
			buildRules = (
			);
			dependencies = (
			);
			name = TwitterClient;
			productName = TwitterClient;
			productReference = D8CCD0281C57E31F00D32C92 /* TwitterClient.app */;
			productType = "com.apple.product-type.application";
		};
		D8CCD03B1C57E31F00D32C92 /* TwitterClientTests */ = {
			isa = PBXNativeTarget;
			buildConfigurationList = D8CCD0531C57E31F00D32C92 /* Build configuration list for PBXNativeTarget "TwitterClientTests" */;
			buildPhases = (
				00A44438F99356B670AF4AA3 /* Check Pods Manifest.lock */,
				D8CCD0381C57E31F00D32C92 /* Sources */,
				D8CCD0391C57E31F00D32C92 /* Frameworks */,
				D8CCD03A1C57E31F00D32C92 /* Resources */,
				3363CB18C68ED9A3951BA953 /* Embed Pods Frameworks */,
				77D4E7DDE6F724D661141E29 /* Copy Pods Resources */,
			);
			buildRules = (
			);
			dependencies = (
				D8CCD03E1C57E31F00D32C92 /* PBXTargetDependency */,
			);
			name = TwitterClientTests;
			productName = TwitterClientTests;
			productReference = D8CCD03C1C57E31F00D32C92 /* TwitterClientTests.xctest */;
			productType = "com.apple.product-type.bundle.unit-test";
		};
		D8CCD0461C57E31F00D32C92 /* TwitterClientUITests */ = {
			isa = PBXNativeTarget;
			buildConfigurationList = D8CCD0561C57E31F00D32C92 /* Build configuration list for PBXNativeTarget "TwitterClientUITests" */;
			buildPhases = (
				D8CCD0431C57E31F00D32C92 /* Sources */,
				D8CCD0441C57E31F00D32C92 /* Frameworks */,
				D8CCD0451C57E31F00D32C92 /* Resources */,
			);
			buildRules = (
			);
			dependencies = (
				D8CCD0491C57E31F00D32C92 /* PBXTargetDependency */,
			);
			name = TwitterClientUITests;
			productName = TwitterClientUITests;
			productReference = D8CCD0471C57E31F00D32C92 /* TwitterClientUITests.xctest */;
			productType = "com.apple.product-type.bundle.ui-testing";
		};
/* End PBXNativeTarget section */

/* Begin PBXProject section */
		D8CCD0201C57E31F00D32C92 /* Project object */ = {
			isa = PBXProject;
			attributes = {
				LastSwiftUpdateCheck = 0720;
				LastUpgradeCheck = 0720;
				ORGANIZATIONNAME = "Berzerker IO";
				TargetAttributes = {
					D8CCD0271C57E31F00D32C92 = {
						CreatedOnToolsVersion = 7.2;
						DevelopmentTeam = 6M9MT4KJZD;
					};
					D8CCD03B1C57E31F00D32C92 = {
						CreatedOnToolsVersion = 7.2;
						TestTargetID = D8CCD0271C57E31F00D32C92;
					};
					D8CCD0461C57E31F00D32C92 = {
						CreatedOnToolsVersion = 7.2;
						TestTargetID = D8CCD0271C57E31F00D32C92;
					};
				};
			};
			buildConfigurationList = D8CCD0231C57E31F00D32C92 /* Build configuration list for PBXProject "TwitterClient" */;
			compatibilityVersion = "Xcode 3.2";
			developmentRegion = English;
			hasScannedForEncodings = 0;
			knownRegions = (
				en,
				Base,
			);
			mainGroup = D8CCD01F1C57E31F00D32C92;
			productRefGroup = D8CCD0291C57E31F00D32C92 /* Products */;
			projectDirPath = "";
			projectRoot = "";
			targets = (
				D8CCD0271C57E31F00D32C92 /* TwitterClient */,
				D8CCD03B1C57E31F00D32C92 /* TwitterClientTests */,
				D8CCD0461C57E31F00D32C92 /* TwitterClientUITests */,
			);
		};
/* End PBXProject section */

/* Begin PBXResourcesBuildPhase section */
		D8CCD0261C57E31F00D32C92 /* Resources */ = {
			isa = PBXResourcesBuildPhase;
			buildActionMask = 2147483647;
			files = (
				D8CCD0361C57E31F00D32C92 /* LaunchScreen.storyboard in Resources */,
				D8CCD0331C57E31F00D32C92 /* Assets.xcassets in Resources */,
				D8CCD0311C57E31F00D32C92 /* Main.storyboard in Resources */,
			);
			runOnlyForDeploymentPostprocessing = 0;
		};
		D8CCD03A1C57E31F00D32C92 /* Resources */ = {
			isa = PBXResourcesBuildPhase;
			buildActionMask = 2147483647;
			files = (
			);
			runOnlyForDeploymentPostprocessing = 0;
		};
		D8CCD0451C57E31F00D32C92 /* Resources */ = {
			isa = PBXResourcesBuildPhase;
			buildActionMask = 2147483647;
			files = (
			);
			runOnlyForDeploymentPostprocessing = 0;
		};
/* End PBXResourcesBuildPhase section */

/* Begin PBXShellScriptBuildPhase section */
		00A44438F99356B670AF4AA3 /* Check Pods Manifest.lock */ = {
			isa = PBXShellScriptBuildPhase;
			buildActionMask = 2147483647;
			files = (
			);
			inputPaths = (
			);
			name = "Check Pods Manifest.lock";
			outputPaths = (
			);
			runOnlyForDeploymentPostprocessing = 0;
			shellPath = /bin/sh;
			shellScript = "diff \"${PODS_ROOT}/../Podfile.lock\" \"${PODS_ROOT}/Manifest.lock\" > /dev/null\nif [[ $? != 0 ]] ; then\n    cat << EOM\nerror: The sandbox is not in sync with the Podfile.lock. Run 'pod install' or update your CocoaPods installation.\nEOM\n    exit 1\nfi\n";
			showEnvVarsInLog = 0;
		};
		1547CAB553A1E25CCE91E3C6 /* Check Pods Manifest.lock */ = {
			isa = PBXShellScriptBuildPhase;
			buildActionMask = 2147483647;
			files = (
			);
			inputPaths = (
			);
			name = "Check Pods Manifest.lock";
			outputPaths = (
			);
			runOnlyForDeploymentPostprocessing = 0;
			shellPath = /bin/sh;
			shellScript = "diff \"${PODS_ROOT}/../Podfile.lock\" \"${PODS_ROOT}/Manifest.lock\" > /dev/null\nif [[ $? != 0 ]] ; then\n    cat << EOM\nerror: The sandbox is not in sync with the Podfile.lock. Run 'pod install' or update your CocoaPods installation.\nEOM\n    exit 1\nfi\n";
			showEnvVarsInLog = 0;
		};
		3363CB18C68ED9A3951BA953 /* Embed Pods Frameworks */ = {
			isa = PBXShellScriptBuildPhase;
			buildActionMask = 2147483647;
			files = (
			);
			inputPaths = (
			);
			name = "Embed Pods Frameworks";
			outputPaths = (
			);
			runOnlyForDeploymentPostprocessing = 0;
			shellPath = /bin/sh;
			shellScript = "\"${SRCROOT}/Pods/Target Support Files/Pods-TwitterClientTests/Pods-TwitterClientTests-frameworks.sh\"\n";
			showEnvVarsInLog = 0;
		};
		39669F8C4E27E88375759E30 /* Copy Pods Resources */ = {
			isa = PBXShellScriptBuildPhase;
			buildActionMask = 2147483647;
			files = (
			);
			inputPaths = (
			);
			name = "Copy Pods Resources";
			outputPaths = (
			);
			runOnlyForDeploymentPostprocessing = 0;
			shellPath = /bin/sh;
			shellScript = "\"${SRCROOT}/Pods/Target Support Files/Pods-TwitterClient/Pods-TwitterClient-resources.sh\"\n";
			showEnvVarsInLog = 0;
		};
		69D5FD70309F322864FC7D6C /* Embed Pods Frameworks */ = {
			isa = PBXShellScriptBuildPhase;
			buildActionMask = 2147483647;
			files = (
			);
			inputPaths = (
			);
			name = "Embed Pods Frameworks";
			outputPaths = (
			);
			runOnlyForDeploymentPostprocessing = 0;
			shellPath = /bin/sh;
			shellScript = "\"${SRCROOT}/Pods/Target Support Files/Pods-TwitterClient/Pods-TwitterClient-frameworks.sh\"\n";
			showEnvVarsInLog = 0;
		};
		77D4E7DDE6F724D661141E29 /* Copy Pods Resources */ = {
			isa = PBXShellScriptBuildPhase;
			buildActionMask = 2147483647;
			files = (
			);
			inputPaths = (
			);
			name = "Copy Pods Resources";
			outputPaths = (
			);
			runOnlyForDeploymentPostprocessing = 0;
			shellPath = /bin/sh;
			shellScript = "\"${SRCROOT}/Pods/Target Support Files/Pods-TwitterClientTests/Pods-TwitterClientTests-resources.sh\"\n";
			showEnvVarsInLog = 0;
		};
/* End PBXShellScriptBuildPhase section */

/* Begin PBXSourcesBuildPhase section */
		D8CCD0241C57E31F00D32C92 /* Sources */ = {
			isa = PBXSourcesBuildPhase;
			buildActionMask = 2147483647;
			files = (
				D8CCD0761C581CEE00D32C92 /* NSDateFormatter+Extensions.swift in Sources */,
				D8CCD05E1C57EDCC00D32C92 /* SplashViewController.swift in Sources */,
				D8CCD02C1C57E31F00D32C92 /* AppDelegate.swift in Sources */,
				D871F1B51C5921C200FD496F /* TweetProducer.swift in Sources */,
				D8E10A101C5829BB00443924 /* TweetModelService.swift in Sources */,
				D8CCD0691C57EE6100D32C92 /* UserModelService.swift in Sources */,
				D8E10A121C582C0A00443924 /* TweetsViewController.swift in Sources */,
				D871F1B91C5933B000FD496F /* ComposeTweetViewController.swift in Sources */,
				D8E10A0C1C581F2E00443924 /* String+Extensions.swift in Sources */,
				D8CCD0701C581AC700D32C92 /* Tweet.swift in Sources */,
				D8CCD0621C57EE0400D32C92 /* User.swift in Sources */,
				D871F1B71C59289100FD496F /* Log+Extensions.swift in Sources */,
				D8CCD06E1C57F62200D32C92 /* LoginViewController.swift in Sources */,
				D8CCD0731C581C5800D32C92 /* DateFormats.swift in Sources */,
				D8CCD0641C57EE2D00D32C92 /* PersistenceController.swift in Sources */,
				D8E10A0E1C581F3900443924 /* NSDate+Extensions.swift in Sources */,
				D8CCD06C1C57EEA300D32C92 /* TwitterNetworkService.swift in Sources */,
				D8CCD0671C57EE5500D32C92 /* ModelService.swift in Sources */,
				D885A4B51C583364008024F3 /* TweetTableViewCell.swift in Sources */,
			);
			runOnlyForDeploymentPostprocessing = 0;
		};
		D8CCD0381C57E31F00D32C92 /* Sources */ = {
			isa = PBXSourcesBuildPhase;
			buildActionMask = 2147483647;
			files = (
				D871F1BC1C5956BD00FD496F /* UserTests.swift in Sources */,
				D88A8B981C5963F900C04CC0 /* TweetTests.swift in Sources */,
			);
			runOnlyForDeploymentPostprocessing = 0;
		};
		D8CCD0431C57E31F00D32C92 /* Sources */ = {
			isa = PBXSourcesBuildPhase;
			buildActionMask = 2147483647;
			files = (
				D8CCD04C1C57E31F00D32C92 /* TwitterClientUITests.swift in Sources */,
			);
			runOnlyForDeploymentPostprocessing = 0;
		};
/* End PBXSourcesBuildPhase section */

/* Begin PBXTargetDependency section */
		D8CCD03E1C57E31F00D32C92 /* PBXTargetDependency */ = {
			isa = PBXTargetDependency;
			target = D8CCD0271C57E31F00D32C92 /* TwitterClient */;
			targetProxy = D8CCD03D1C57E31F00D32C92 /* PBXContainerItemProxy */;
		};
		D8CCD0491C57E31F00D32C92 /* PBXTargetDependency */ = {
			isa = PBXTargetDependency;
			target = D8CCD0271C57E31F00D32C92 /* TwitterClient */;
			targetProxy = D8CCD0481C57E31F00D32C92 /* PBXContainerItemProxy */;
		};
/* End PBXTargetDependency section */

/* Begin PBXVariantGroup section */
		D8CCD02F1C57E31F00D32C92 /* Main.storyboard */ = {
			isa = PBXVariantGroup;
			children = (
				D8CCD0301C57E31F00D32C92 /* Base */,
			);
			name = Main.storyboard;
			sourceTree = "<group>";
		};
		D8CCD0341C57E31F00D32C92 /* LaunchScreen.storyboard */ = {
			isa = PBXVariantGroup;
			children = (
				D8CCD0351C57E31F00D32C92 /* Base */,
			);
			name = LaunchScreen.storyboard;
			sourceTree = "<group>";
		};
/* End PBXVariantGroup section */

/* Begin XCBuildConfiguration section */
		D8CCD04E1C57E31F00D32C92 /* Debug */ = {
			isa = XCBuildConfiguration;
			buildSettings = {
				ALWAYS_SEARCH_USER_PATHS = NO;
				CLANG_CXX_LANGUAGE_STANDARD = "gnu++0x";
				CLANG_CXX_LIBRARY = "libc++";
				CLANG_ENABLE_MODULES = YES;
				CLANG_ENABLE_OBJC_ARC = YES;
				CLANG_WARN_BOOL_CONVERSION = YES;
				CLANG_WARN_CONSTANT_CONVERSION = YES;
				CLANG_WARN_DIRECT_OBJC_ISA_USAGE = YES_ERROR;
				CLANG_WARN_EMPTY_BODY = YES;
				CLANG_WARN_ENUM_CONVERSION = YES;
				CLANG_WARN_INT_CONVERSION = YES;
				CLANG_WARN_OBJC_ROOT_CLASS = YES_ERROR;
				CLANG_WARN_UNREACHABLE_CODE = YES;
				CLANG_WARN__DUPLICATE_METHOD_MATCH = YES;
				"CODE_SIGN_IDENTITY[sdk=iphoneos*]" = "iPhone Developer";
				COPY_PHASE_STRIP = NO;
				CURRENT_PROJECT_VERSION = 1;
				DEBUG_INFORMATION_FORMAT = dwarf;
				ENABLE_STRICT_OBJC_MSGSEND = YES;
				ENABLE_TESTABILITY = YES;
				GCC_C_LANGUAGE_STANDARD = gnu99;
				GCC_DYNAMIC_NO_PIC = NO;
				GCC_NO_COMMON_BLOCKS = YES;
				GCC_OPTIMIZATION_LEVEL = 0;
				GCC_PREPROCESSOR_DEFINITIONS = (
					"DEBUG=1",
					"$(inherited)",
				);
				GCC_WARN_64_TO_32_BIT_CONVERSION = YES;
				GCC_WARN_ABOUT_RETURN_TYPE = YES_ERROR;
				GCC_WARN_UNDECLARED_SELECTOR = YES;
				GCC_WARN_UNINITIALIZED_AUTOS = YES_AGGRESSIVE;
				GCC_WARN_UNUSED_FUNCTION = YES;
				GCC_WARN_UNUSED_VARIABLE = YES;
				IPHONEOS_DEPLOYMENT_TARGET = 9.0;
				MTL_ENABLE_DEBUG_INFO = YES;
				ONLY_ACTIVE_ARCH = YES;
				SDKROOT = iphoneos;
				SWIFT_OPTIMIZATION_LEVEL = "-Onone";
				TARGETED_DEVICE_FAMILY = "1,2";
			};
			name = Debug;
		};
		D8CCD04F1C57E31F00D32C92 /* Release */ = {
			isa = XCBuildConfiguration;
			buildSettings = {
				ALWAYS_SEARCH_USER_PATHS = NO;
				CLANG_CXX_LANGUAGE_STANDARD = "gnu++0x";
				CLANG_CXX_LIBRARY = "libc++";
				CLANG_ENABLE_MODULES = YES;
				CLANG_ENABLE_OBJC_ARC = YES;
				CLANG_WARN_BOOL_CONVERSION = YES;
				CLANG_WARN_CONSTANT_CONVERSION = YES;
				CLANG_WARN_DIRECT_OBJC_ISA_USAGE = YES_ERROR;
				CLANG_WARN_EMPTY_BODY = YES;
				CLANG_WARN_ENUM_CONVERSION = YES;
				CLANG_WARN_INT_CONVERSION = YES;
				CLANG_WARN_OBJC_ROOT_CLASS = YES_ERROR;
				CLANG_WARN_UNREACHABLE_CODE = YES;
				CLANG_WARN__DUPLICATE_METHOD_MATCH = YES;
				"CODE_SIGN_IDENTITY[sdk=iphoneos*]" = "iPhone Developer";
				COPY_PHASE_STRIP = NO;
				CURRENT_PROJECT_VERSION = 1;
				DEBUG_INFORMATION_FORMAT = "dwarf-with-dsym";
				ENABLE_NS_ASSERTIONS = NO;
				ENABLE_STRICT_OBJC_MSGSEND = YES;
				GCC_C_LANGUAGE_STANDARD = gnu99;
				GCC_NO_COMMON_BLOCKS = YES;
				GCC_WARN_64_TO_32_BIT_CONVERSION = YES;
				GCC_WARN_ABOUT_RETURN_TYPE = YES_ERROR;
				GCC_WARN_UNDECLARED_SELECTOR = YES;
				GCC_WARN_UNINITIALIZED_AUTOS = YES_AGGRESSIVE;
				GCC_WARN_UNUSED_FUNCTION = YES;
				GCC_WARN_UNUSED_VARIABLE = YES;
				IPHONEOS_DEPLOYMENT_TARGET = 9.0;
				MTL_ENABLE_DEBUG_INFO = NO;
				SDKROOT = iphoneos;
				TARGETED_DEVICE_FAMILY = "1,2";
				VALIDATE_PRODUCT = YES;
			};
			name = Release;
		};
		D8CCD0511C57E31F00D32C92 /* Debug */ = {
			isa = XCBuildConfiguration;
			baseConfigurationReference = B259266DE0790E51C9759F5B /* Pods-TwitterClient.debug.xcconfig */;
			buildSettings = {
				ASSETCATALOG_COMPILER_APPICON_NAME = AppIcon;
				CODE_SIGN_IDENTITY = "iPhone Developer";
				INFOPLIST_FILE = TwitterClient/Info.plist;
				LD_RUNPATH_SEARCH_PATHS = "$(inherited) @executable_path/Frameworks";
				PRODUCT_BUNDLE_IDENTIFIER = io.berzerker.TwitterClient;
				PRODUCT_NAME = "$(TARGET_NAME)";
			};
			name = Debug;
		};
		D8CCD0521C57E31F00D32C92 /* Release */ = {
			isa = XCBuildConfiguration;
			baseConfigurationReference = 0663CE9837D7BC063F7617D7 /* Pods-TwitterClient.release.xcconfig */;
			buildSettings = {
				ASSETCATALOG_COMPILER_APPICON_NAME = AppIcon;
				CODE_SIGN_IDENTITY = "iPhone Developer";
				INFOPLIST_FILE = TwitterClient/Info.plist;
				LD_RUNPATH_SEARCH_PATHS = "$(inherited) @executable_path/Frameworks";
				PRODUCT_BUNDLE_IDENTIFIER = io.berzerker.TwitterClient;
				PRODUCT_NAME = "$(TARGET_NAME)";
			};
			name = Release;
		};
		D8CCD0541C57E31F00D32C92 /* Debug */ = {
			isa = XCBuildConfiguration;
			baseConfigurationReference = F1CB627D113D77587C84ADE1 /* Pods-TwitterClientTests.debug.xcconfig */;
			buildSettings = {
				BUNDLE_LOADER = "$(TEST_HOST)";
				INFOPLIST_FILE = TwitterClientTests/Info.plist;
				LD_RUNPATH_SEARCH_PATHS = "$(inherited) @executable_path/Frameworks @loader_path/Frameworks";
				PRODUCT_BUNDLE_IDENTIFIER = io.berzerker.TwitterClientTests;
				PRODUCT_NAME = "$(TARGET_NAME)";
				TEST_HOST = "$(BUILT_PRODUCTS_DIR)/TwitterClient.app/TwitterClient";
			};
			name = Debug;
		};
		D8CCD0551C57E31F00D32C92 /* Release */ = {
			isa = XCBuildConfiguration;
			baseConfigurationReference = 8D14EEBFA437FAD4B96AE5A6 /* Pods-TwitterClientTests.release.xcconfig */;
			buildSettings = {
				BUNDLE_LOADER = "$(TEST_HOST)";
				INFOPLIST_FILE = TwitterClientTests/Info.plist;
				LD_RUNPATH_SEARCH_PATHS = "$(inherited) @executable_path/Frameworks @loader_path/Frameworks";
				PRODUCT_BUNDLE_IDENTIFIER = io.berzerker.TwitterClientTests;
				PRODUCT_NAME = "$(TARGET_NAME)";
				TEST_HOST = "$(BUILT_PRODUCTS_DIR)/TwitterClient.app/TwitterClient";
			};
			name = Release;
		};
		D8CCD0571C57E31F00D32C92 /* Debug */ = {
			isa = XCBuildConfiguration;
			buildSettings = {
				INFOPLIST_FILE = TwitterClientUITests/Info.plist;
				LD_RUNPATH_SEARCH_PATHS = "$(inherited) @executable_path/Frameworks @loader_path/Frameworks";
				PRODUCT_BUNDLE_IDENTIFIER = io.berzerker.TwitterClientUITests;
				PRODUCT_NAME = "$(TARGET_NAME)";
				TEST_TARGET_NAME = TwitterClient;
				USES_XCTRUNNER = YES;
			};
			name = Debug;
		};
		D8CCD0581C57E31F00D32C92 /* Release */ = {
			isa = XCBuildConfiguration;
			buildSettings = {
				INFOPLIST_FILE = TwitterClientUITests/Info.plist;
				LD_RUNPATH_SEARCH_PATHS = "$(inherited) @executable_path/Frameworks @loader_path/Frameworks";
				PRODUCT_BUNDLE_IDENTIFIER = io.berzerker.TwitterClientUITests;
				PRODUCT_NAME = "$(TARGET_NAME)";
				TEST_TARGET_NAME = TwitterClient;
				USES_XCTRUNNER = YES;
			};
			name = Release;
		};
/* End XCBuildConfiguration section */

/* Begin XCConfigurationList section */
		D8CCD0231C57E31F00D32C92 /* Build configuration list for PBXProject "TwitterClient" */ = {
			isa = XCConfigurationList;
			buildConfigurations = (
				D8CCD04E1C57E31F00D32C92 /* Debug */,
				D8CCD04F1C57E31F00D32C92 /* Release */,
			);
			defaultConfigurationIsVisible = 0;
			defaultConfigurationName = Release;
		};
		D8CCD0501C57E31F00D32C92 /* Build configuration list for PBXNativeTarget "TwitterClient" */ = {
			isa = XCConfigurationList;
			buildConfigurations = (
				D8CCD0511C57E31F00D32C92 /* Debug */,
				D8CCD0521C57E31F00D32C92 /* Release */,
			);
			defaultConfigurationIsVisible = 0;
			defaultConfigurationName = Release;
		};
		D8CCD0531C57E31F00D32C92 /* Build configuration list for PBXNativeTarget "TwitterClientTests" */ = {
			isa = XCConfigurationList;
			buildConfigurations = (
				D8CCD0541C57E31F00D32C92 /* Debug */,
				D8CCD0551C57E31F00D32C92 /* Release */,
			);
			defaultConfigurationIsVisible = 0;
			defaultConfigurationName = Release;
		};
		D8CCD0561C57E31F00D32C92 /* Build configuration list for PBXNativeTarget "TwitterClientUITests" */ = {
			isa = XCConfigurationList;
			buildConfigurations = (
				D8CCD0571C57E31F00D32C92 /* Debug */,
				D8CCD0581C57E31F00D32C92 /* Release */,
			);
			defaultConfigurationIsVisible = 0;
			defaultConfigurationName = Release;
		};
/* End XCConfigurationList section */
	};
	rootObject = D8CCD0201C57E31F00D32C92 /* Project object */;
}
